
Microsoft Visual Studio Solution File, Format Version 12.00
# Visual Studio Version 16
VisualStudioVersion = 16.0.31025.194
MinimumVisualStudioVersion = 10.0.40219.1
Project("{FAE04EC0-301F-11D3-BF4B-00C04F79EFBC}") = "Bolnica", "Bolnica\Bolnica.csproj", "{7C7E3CBA-0A30-438D-B4C6-E4941CC5CABF}"
EndProject
Global
	GlobalSection(SolutionConfigurationPlatforms) = preSolution
		Debug|Any CPU = Debug|Any CPU
		Release|Any CPU = Release|Any CPU
	EndGlobalSection
	GlobalSection(ProjectConfigurationPlatforms) = postSolution
		{7C7E3CBA-0A30-438D-B4C6-E4941CC5CABF}.Debug|Any CPU.ActiveCfg = Debug|Any CPU
		{7C7E3CBA-0A30-438D-B4C6-E4941CC5CABF}.Debug|Any CPU.Build.0 = Debug|Any CPU
		{7C7E3CBA-0A30-438D-B4C6-E4941CC5CABF}.Release|Any CPU.ActiveCfg = Release|Any CPU
		{7C7E3CBA-0A30-438D-B4C6-E4941CC5CABF}.Release|Any CPU.Build.0 = Release|Any CPU
	EndGlobalSection
	GlobalSection(SolutionProperties) = preSolution
		HideSolutionNode = FALSE
	EndGlobalSection
	GlobalSection(ExtensibilityGlobals) = postSolution
		SolutionGuid = {E41FC4B1-5734-4C28-80DE-4E15671A8C62}
	EndGlobalSection
EndGlobal
